{
  "pins" : [
    {
      "identity" : "luna-dataservices-sdk-ios",
      "kind" : "remoteSourceControl",
      "location" : "https://github.com/6over6pods/luna-dataservices-sdk-ios",
      "state" : {
        "revision" : "56feb2ce0588d7b88b2268c7f808a1893b278860",
        "version" : "8.2.2"
      }
    },
    {
      "identity" : "luna-goeyes-sdk-ios",
      "kind" : "remoteSourceControl",
      "location" : "https://github.com/6over6pods/luna-goeyes-sdk-ios",
      "state" : {
        "revision" : "74c44fae5b9e314d4c20dbc3f8d32f889b916a23",
        "version" : "5.43.14"
      }
    },
    {
      "identity" : "mixpanel-swift",
      "kind" : "remoteSourceControl",
      "location" : "https://github.com/mixpanel/mixpanel-swift",
      "state" : {
        "revision" : "8ce81c8ed451d8aa5ede028e3838fd41e67938c9",
        "version" : "4.1.4"
      }
    }
  ],
  "version" : 2
}
