{
  "pins" : [
    {
      "identity" : "luna-dataservices-sdk-ios",
      "kind" : "remoteSourceControl",
      "location" : "https://github.com/6over6pods/luna-dataservices-sdk-ios",
      "state" : {
        "revision" : "a3b7ced2c30c2c3aa7c3072bb7dea5e4d6f4c649",
        "version" : "7.0.1"
      }
    },
    {
      "identity" : "luna-goeyes-sdk-ios",
      "kind" : "remoteSourceControl",
      "location" : "https://github.com/6over6pods/luna-goeyes-sdk-ios",
      "state" : {
        "revision" : "04891441c92f53092a31cfa6894d7f152c79eb85",
        "version" : "5.43.0"
      }
    },
    {
      "identity" : "mixpanel-swift",
      "kind" : "remoteSourceControl",
      "location" : "https://github.com/mixpanel/mixpanel-swift",
      "state" : {
        "revision" : "369e5796b2a166b4a8abb1c73c6014f5e02513bd",
        "version" : "3.5.1"
      }
    }
  ],
  "version" : 2
}
