{
  "pins" : [
    {
      "identity" : "lottie-ios",
      "kind" : "remoteSourceControl",
      "location" : "https://github.com/airbnb/lottie-ios.git",
      "state" : {
        "revision" : "b08b4f3d0101cd89471a4a25d7945e7f89d801b3",
        "version" : "3.1.3"
      }
    },
    {
      "identity" : "luna-dataservices-sdk-ios",
      "kind" : "remoteSourceControl",
      "location" : "https://github.com/6over6pods/luna-dataservices-sdk-ios",
      "state" : {
        "revision" : "7d8878450241fa921a7b2ff7079e3f1f9d33d5d2",
        "version" : "8.3.0"
      }
    },
    {
      "identity" : "luna-glasseson-sdk-ios",
      "kind" : "remoteSourceControl",
      "location" : "https://github.com/6over6pods/luna-glasseson-sdk-ios",
      "state" : {
        "revision" : "f6b2c8536a30319baf1f716bd5553a472d36e9d3",
        "version" : "5.46.0"
      }
    },
    {
      "identity" : "luna-goeyes-sdk-ios",
      "kind" : "remoteSourceControl",
      "location" : "https://github.com/6over6pods/luna-goeyes-sdk-ios",
      "state" : {
        "revision" : "5908b6f0bd81ce2cfefc22dd0d81b53e98fe84ea",
        "version" : "5.45.1"
      }
    },
    {
      "identity" : "mixpanel-swift",
      "kind" : "remoteSourceControl",
      "location" : "https://github.com/mixpanel/mixpanel-swift",
      "state" : {
        "revision" : "2dc2121b6dff467090164e9d967af332ea47ce19",
        "version" : "4.2.6"
      }
    },
    {
      "identity" : "swift-collections",
      "kind" : "remoteSourceControl",
      "location" : "https://github.com/apple/swift-collections.git",
      "state" : {
        "revision" : "94cf62b3ba8d4bed62680a282d4c25f9c63c2efb",
        "version" : "1.1.0"
      }
    },
    {
      "identity" : "swiftygif",
      "kind" : "remoteSourceControl",
      "location" : "https://github.com/kirualex/SwiftyGif.git",
      "state" : {
        "revision" : "4430cbc148baa3907651d40562d96325426f409a",
        "version" : "5.4.5"
      }
    }
  ],
  "version" : 2
}
